
Microsoft Visual Studio Solution File, Format Version 12.00
# Visual Studio 15
VisualStudioVersion = 15.0.27004.2002
MinimumVisualStudioVersion = 10.0.40219.1
Project("{FAE04EC0-301F-11D3-BF4B-00C04F79EFBC}") = "Threads1", "Threads1\Threads1.csproj", "{470B0D18-44D8-4925-B95D-FFC6F692DC4B}"
EndProject
Project("{FAE04EC0-301F-11D3-BF4B-00C04F79EFBC}") = "ThreadPriority", "ThreadPriority\ThreadPriority.csproj", "{14F136F8-2559-49A8-A3C8-43525F4674CC}"
EndProject
Project("{FAE04EC0-301F-11D3-BF4B-00C04F79EFBC}") = "IsBackground", "IsBackground\IsBackground.csproj", "{9C824D68-2B8A-4F5A-99B4-CCE8545ACF39}"
EndProject
Project("{FAE04EC0-301F-11D3-BF4B-00C04F79EFBC}") = "Mutex", "Mutex\Mutex.csproj", "{96AE7113-F992-4995-A3F1-149B377FC92A}"
EndProject
Global
	GlobalSection(SolutionConfigurationPlatforms) = preSolution
		Debug|Any CPU = Debug|Any CPU
		Release|Any CPU = Release|Any CPU
	EndGlobalSection
	GlobalSection(ProjectConfigurationPlatforms) = postSolution
		{470B0D18-44D8-4925-B95D-FFC6F692DC4B}.Debug|Any CPU.ActiveCfg = Debug|Any CPU
		{470B0D18-44D8-4925-B95D-FFC6F692DC4B}.Debug|Any CPU.Build.0 = Debug|Any CPU
		{470B0D18-44D8-4925-B95D-FFC6F692DC4B}.Release|Any CPU.ActiveCfg = Release|Any CPU
		{470B0D18-44D8-4925-B95D-FFC6F692DC4B}.Release|Any CPU.Build.0 = Release|Any CPU
		{14F136F8-2559-49A8-A3C8-43525F4674CC}.Debug|Any CPU.ActiveCfg = Debug|Any CPU
		{14F136F8-2559-49A8-A3C8-43525F4674CC}.Debug|Any CPU.Build.0 = Debug|Any CPU
		{14F136F8-2559-49A8-A3C8-43525F4674CC}.Release|Any CPU.ActiveCfg = Release|Any CPU
		{14F136F8-2559-49A8-A3C8-43525F4674CC}.Release|Any CPU.Build.0 = Release|Any CPU
		{9C824D68-2B8A-4F5A-99B4-CCE8545ACF39}.Debug|Any CPU.ActiveCfg = Debug|Any CPU
		{9C824D68-2B8A-4F5A-99B4-CCE8545ACF39}.Debug|Any CPU.Build.0 = Debug|Any CPU
		{9C824D68-2B8A-4F5A-99B4-CCE8545ACF39}.Release|Any CPU.ActiveCfg = Release|Any CPU
		{9C824D68-2B8A-4F5A-99B4-CCE8545ACF39}.Release|Any CPU.Build.0 = Release|Any CPU
		{96AE7113-F992-4995-A3F1-149B377FC92A}.Debug|Any CPU.ActiveCfg = Debug|Any CPU
		{96AE7113-F992-4995-A3F1-149B377FC92A}.Debug|Any CPU.Build.0 = Debug|Any CPU
		{96AE7113-F992-4995-A3F1-149B377FC92A}.Release|Any CPU.ActiveCfg = Release|Any CPU
		{96AE7113-F992-4995-A3F1-149B377FC92A}.Release|Any CPU.Build.0 = Release|Any CPU
	EndGlobalSection
	GlobalSection(SolutionProperties) = preSolution
		HideSolutionNode = FALSE
	EndGlobalSection
	GlobalSection(ExtensibilityGlobals) = postSolution
		SolutionGuid = {67BB761F-1691-4A09-A2AD-19023B6C2748}
	EndGlobalSection
EndGlobal
